// !$*UTF8*$!
{
	archiveVersion = 1;
	classes = {
	};
	objectVersion = 56;
	objects = {

/* Begin PBXBuildFile section */
		861DDDFF2BC62DF6000F962F /* Base in Resources */ = {isa = PBXBuildFile; fileRef = 861DDDFE2BC62DF6000F962F /* Base */; };
		861DDE012BC62DF7000F962F /* Assets.xcassets in Resources */ = {isa = PBXBuildFile; fileRef = 861DDE002BC62DF7000F962F /* Assets.xcassets */; };
		861DDE042BC62DF7000F962F /* Base in Resources */ = {isa = PBXBuildFile; fileRef = 861DDE032BC62DF7000F962F /* Base */; };
		861DDE072BC62DF7000F962F /* main.m in Sources */ = {isa = PBXBuildFile; fileRef = 861DDE062BC62DF7000F962F /* main.m */; };
		861DDE102BC63189000F962F /* MoviePlayerImages.xcassets in Resources */ = {isa = PBXBuildFile; fileRef = 861DDE0F2BC63189000F962F /* MoviePlayerImages.xcassets */; };
		861DDE2B2BC6325D000F962F /* IJKDemoInputURLViewController.xib in Resources */ = {isa = PBXBuildFile; fileRef = 861DDE1B2BC6325C000F962F /* IJKDemoInputURLViewController.xib */; };
		861DDE2C2BC6325D000F962F /* IJKDemoMainViewController.m in Sources */ = {isa = PBXBuildFile; fileRef = 861DDE1C2BC6325C000F962F /* IJKDemoMainViewController.m */; };
		861DDE2D2BC6325D000F962F /* IJKMediaControl.m in Sources */ = {isa = PBXBuildFile; fileRef = 861DDE1D2BC6325C000F962F /* IJKMediaControl.m */; };
		861DDE2E2BC6325D000F962F /* IJKQRCodeScanViewController.xib in Resources */ = {isa = PBXBuildFile; fileRef = 861DDE1E2BC6325C000F962F /* IJKQRCodeScanViewController.xib */; };
		861DDE2F2BC6325D000F962F /* IJKDemoSampleViewController.m in Sources */ = {isa = PBXBuildFile; fileRef = 861DDE212BC6325C000F962F /* IJKDemoSampleViewController.m */; };
		861DDE302BC6325D000F962F /* IJKDemoLocalFolderViewController.m in Sources */ = {isa = PBXBuildFile; fileRef = 861DDE222BC6325C000F962F /* IJKDemoLocalFolderViewController.m */; };
		861DDE312BC6325D000F962F /* IJKMoviePlayerViewController.xib in Resources */ = {isa = PBXBuildFile; fileRef = 861DDE232BC6325C000F962F /* IJKMoviePlayerViewController.xib */; };
		861DDE322BC6325D000F962F /* IJKDemoSampleViewController.xib in Resources */ = {isa = PBXBuildFile; fileRef = 861DDE242BC6325C000F962F /* IJKDemoSampleViewController.xib */; };
		861DDE332BC6325D000F962F /* IJKDemoInputURLViewController.m in Sources */ = {isa = PBXBuildFile; fileRef = 861DDE262BC6325C000F962F /* IJKDemoInputURLViewController.m */; };
		861DDE342BC6325D000F962F /* IJKQRCodeScanViewController.m in Sources */ = {isa = PBXBuildFile; fileRef = 861DDE272BC6325D000F962F /* IJKQRCodeScanViewController.m */; };
		861DDE362BC6325D000F962F /* IJKMoviePlayerViewController.m in Sources */ = {isa = PBXBuildFile; fileRef = 861DDE292BC6325D000F962F /* IJKMoviePlayerViewController.m */; };
		861DDE3C2BC6326F000F962F /* Barcode.m in Sources */ = {isa = PBXBuildFile; fileRef = 861DDE392BC6326F000F962F /* Barcode.m */; };
		861DDE3D2BC6326F000F962F /* IJKDemoHistory.m in Sources */ = {isa = PBXBuildFile; fileRef = 861DDE3A2BC6326F000F962F /* IJKDemoHistory.m */; };
		86C225132BC63B1B00C84A3F /* IJKMediaFramework.framework in Frameworks */ = {isa = PBXBuildFile; fileRef = 86C2250E2BC63AFF00C84A3F /* IJKMediaFramework.framework */; };
		86C225142BC63B1B00C84A3F /* IJKMediaFramework.framework in Embed Frameworks */ = {isa = PBXBuildFile; fileRef = 86C2250E2BC63AFF00C84A3F /* IJKMediaFramework.framework */; settings = {ATTRIBUTES = (CodeSignOnCopy, RemoveHeadersOnCopy, ); }; };
		86C225172BC63B3700C84A3F /* libcrypto.a in Frameworks */ = {isa = PBXBuildFile; fileRef = 86C225152BC63B3300C84A3F /* libcrypto.a */; };
		86C225182BC63B3700C84A3F /* libssl.a in Frameworks */ = {isa = PBXBuildFile; fileRef = 86C225162BC63B3300C84A3F /* libssl.a */; };
		86C2251B2BC63BA900C84A3F /* IJKAppDelegate.m in Sources */ = {isa = PBXBuildFile; fileRef = 86C2251A2BC63BA800C84A3F /* IJKAppDelegate.m */; };
		86C2251D2BC63BCC00C84A3F /* libz.tbd in Frameworks */ = {isa = PBXBuildFile; fileRef = 86C2251C2BC63BC400C84A3F /* libz.tbd */; };
		86C225202BC63C2D00C84A3F /* libc++.tbd in Frameworks */ = {isa = PBXBuildFile; fileRef = 86C2251F2BC63C2500C84A3F /* libc++.tbd */; };
/* End PBXBuildFile section */

/* Begin PBXContainerItemProxy section */
		86C2250D2BC63AFF00C84A3F /* PBXContainerItemProxy */ = {
			isa = PBXContainerItemProxy;
			containerPortal = 86C225072BC63AFF00C84A3F /* IJKMediaPlayer.xcodeproj */;
			proxyType = 2;
			remoteGlobalIDString = E654EA8A1B6B27E600B0F2D0;
			remoteInfo = IJKMediaFramework;
		};
		86C2250F2BC63AFF00C84A3F /* PBXContainerItemProxy */ = {
			isa = PBXContainerItemProxy;
			containerPortal = 86C225072BC63AFF00C84A3F /* IJKMediaPlayer.xcodeproj */;
			proxyType = 2;
			remoteGlobalIDString = 5450B0431E63EA4300568494;
			remoteInfo = IJKMediaFrameworkWithSSL;
		};
		86C225112BC63AFF00C84A3F /* PBXContainerItemProxy */ = {
			isa = PBXContainerItemProxy;
			containerPortal = 86C225072BC63AFF00C84A3F /* IJKMediaPlayer.xcodeproj */;
			proxyType = 2;
			remoteGlobalIDString = E654EA941B6B27E600B0F2D0;
			remoteInfo = IJKMediaFrameworkTests;
		};
/* End PBXContainerItemProxy section */

/* Begin PBXCopyFilesBuildPhase section */
		86C225052BC639D900C84A3F /* Embed Frameworks */ = {
			isa = PBXCopyFilesBuildPhase;
			buildActionMask = 2147483647;
			dstPath = "";
			dstSubfolderSpec = 10;
			files = (
				86C225142BC63B1B00C84A3F /* IJKMediaFramework.framework in Embed Frameworks */,
			);
			name = "Embed Frameworks";
			runOnlyForDeploymentPostprocessing = 0;
		};
/* End PBXCopyFilesBuildPhase section */

/* Begin PBXFileReference section */
		861DDDF12BC62DF6000F962F /* IJKMediaDemo.app */ = {isa = PBXFileReference; explicitFileType = wrapper.application; includeInIndex = 0; path = IJKMediaDemo.app; sourceTree = BUILT_PRODUCTS_DIR; };
		861DDDFE2BC62DF6000F962F /* Base */ = {isa = PBXFileReference; lastKnownFileType = file.storyboard; name = Base; path = Base.lproj/Main.storyboard; sourceTree = "<group>"; };
		861DDE002BC62DF7000F962F /* Assets.xcassets */ = {isa = PBXFileReference; lastKnownFileType = folder.assetcatalog; path = Assets.xcassets; sourceTree = "<group>"; };
		861DDE032BC62DF7000F962F /* Base */ = {isa = PBXFileReference; lastKnownFileType = file.storyboard; name = Base; path = Base.lproj/LaunchScreen.storyboard; sourceTree = "<group>"; };
		861DDE052BC62DF7000F962F /* Info.plist */ = {isa = PBXFileReference; lastKnownFileType = text.plist.xml; path = Info.plist; sourceTree = "<group>"; };
		861DDE062BC62DF7000F962F /* main.m */ = {isa = PBXFileReference; lastKnownFileType = sourcecode.c.objc; path = main.m; sourceTree = "<group>"; };
		861DDE0F2BC63189000F962F /* MoviePlayerImages.xcassets */ = {isa = PBXFileReference; lastKnownFileType = folder.assetcatalog; path = MoviePlayerImages.xcassets; sourceTree = "<group>"; };
		861DDE182BC6325C000F962F /* IJKDemoInputURLViewController.h */ = {isa = PBXFileReference; fileEncoding = 4; lastKnownFileType = sourcecode.c.h; path = IJKDemoInputURLViewController.h; sourceTree = "<group>"; };
		861DDE192BC6325C000F962F /* IJKDemoSampleViewController.h */ = {isa = PBXFileReference; fileEncoding = 4; lastKnownFileType = sourcecode.c.h; path = IJKDemoSampleViewController.h; sourceTree = "<group>"; };
		861DDE1A2BC6325C000F962F /* IJKDemoMainViewController.h */ = {isa = PBXFileReference; fileEncoding = 4; lastKnownFileType = sourcecode.c.h; path = IJKDemoMainViewController.h; sourceTree = "<group>"; };
		861DDE1B2BC6325C000F962F /* IJKDemoInputURLViewController.xib */ = {isa = PBXFileReference; fileEncoding = 4; lastKnownFileType = file.xib; path = IJKDemoInputURLViewController.xib; sourceTree = "<group>"; };
		861DDE1C2BC6325C000F962F /* IJKDemoMainViewController.m */ = {isa = PBXFileReference; fileEncoding = 4; lastKnownFileType = sourcecode.c.objc; path = IJKDemoMainViewController.m; sourceTree = "<group>"; };
		861DDE1D2BC6325C000F962F /* IJKMediaControl.m */ = {isa = PBXFileReference; fileEncoding = 4; lastKnownFileType = sourcecode.c.objc; path = IJKMediaControl.m; sourceTree = "<group>"; };
		861DDE1E2BC6325C000F962F /* IJKQRCodeScanViewController.xib */ = {isa = PBXFileReference; fileEncoding = 4; lastKnownFileType = file.xib; path = IJKQRCodeScanViewController.xib; sourceTree = "<group>"; };
		861DDE1F2BC6325C000F962F /* IJKQRCodeScanViewController.h */ = {isa = PBXFileReference; fileEncoding = 4; lastKnownFileType = sourcecode.c.h; path = IJKQRCodeScanViewController.h; sourceTree = "<group>"; };
		861DDE202BC6325C000F962F /* IJKDemoLocalFolderViewController.h */ = {isa = PBXFileReference; fileEncoding = 4; lastKnownFileType = sourcecode.c.h; path = IJKDemoLocalFolderViewController.h; sourceTree = "<group>"; };
		861DDE212BC6325C000F962F /* IJKDemoSampleViewController.m */ = {isa = PBXFileReference; fileEncoding = 4; lastKnownFileType = sourcecode.c.objc; path = IJKDemoSampleViewController.m; sourceTree = "<group>"; };
		861DDE222BC6325C000F962F /* IJKDemoLocalFolderViewController.m */ = {isa = PBXFileReference; fileEncoding = 4; lastKnownFileType = sourcecode.c.objc; path = IJKDemoLocalFolderViewController.m; sourceTree = "<group>"; };
		861DDE232BC6325C000F962F /* IJKMoviePlayerViewController.xib */ = {isa = PBXFileReference; fileEncoding = 4; lastKnownFileType = file.xib; path = IJKMoviePlayerViewController.xib; sourceTree = "<group>"; };
		861DDE242BC6325C000F962F /* IJKDemoSampleViewController.xib */ = {isa = PBXFileReference; fileEncoding = 4; lastKnownFileType = file.xib; path = IJKDemoSampleViewController.xib; sourceTree = "<group>"; };
		861DDE252BC6325C000F962F /* IJKMediaControl.h */ = {isa = PBXFileReference; fileEncoding = 4; lastKnownFileType = sourcecode.c.h; path = IJKMediaControl.h; sourceTree = "<group>"; };
		861DDE262BC6325C000F962F /* IJKDemoInputURLViewController.m */ = {isa = PBXFileReference; fileEncoding = 4; lastKnownFileType = sourcecode.c.objc; path = IJKDemoInputURLViewController.m; sourceTree = "<group>"; };
		861DDE272BC6325D000F962F /* IJKQRCodeScanViewController.m */ = {isa = PBXFileReference; fileEncoding = 4; lastKnownFileType = sourcecode.c.objc; path = IJKQRCodeScanViewController.m; sourceTree = "<group>"; };
		861DDE292BC6325D000F962F /* IJKMoviePlayerViewController.m */ = {isa = PBXFileReference; fileEncoding = 4; lastKnownFileType = sourcecode.c.objc; path = IJKMoviePlayerViewController.m; sourceTree = "<group>"; };
		861DDE2A2BC6325D000F962F /* IJKMoviePlayerViewController.h */ = {isa = PBXFileReference; fileEncoding = 4; lastKnownFileType = sourcecode.c.h; path = IJKMoviePlayerViewController.h; sourceTree = "<group>"; };
		861DDE372BC6326F000F962F /* IJKCommon.h */ = {isa = PBXFileReference; fileEncoding = 4; lastKnownFileType = sourcecode.c.h; path = IJKCommon.h; sourceTree = "<group>"; };
		861DDE382BC6326F000F962F /* IJKDemoHistory.h */ = {isa = PBXFileReference; fileEncoding = 4; lastKnownFileType = sourcecode.c.h; path = IJKDemoHistory.h; sourceTree = "<group>"; };
		861DDE392BC6326F000F962F /* Barcode.m */ = {isa = PBXFileReference; fileEncoding = 4; lastKnownFileType = sourcecode.c.objc; path = Barcode.m; sourceTree = "<group>"; };
		861DDE3A2BC6326F000F962F /* IJKDemoHistory.m */ = {isa = PBXFileReference; fileEncoding = 4; lastKnownFileType = sourcecode.c.objc; path = IJKDemoHistory.m; sourceTree = "<group>"; };
		861DDE3B2BC6326F000F962F /* Barcode.h */ = {isa = PBXFileReference; fileEncoding = 4; lastKnownFileType = sourcecode.c.h; path = Barcode.h; sourceTree = "<group>"; };
		86C225072BC63AFF00C84A3F /* IJKMediaPlayer.xcodeproj */ = {isa = PBXFileReference; lastKnownFileType = "wrapper.pb-project"; name = IJKMediaPlayer.xcodeproj; path = ../IJKMediaPlayer/IJKMediaPlayer.xcodeproj; sourceTree = "<group>"; };
		86C225152BC63B3300C84A3F /* libcrypto.a */ = {isa = PBXFileReference; lastKnownFileType = archive.ar; name = libcrypto.a; path = ../build/universal/lib/libcrypto.a; sourceTree = "<group>"; };
		86C225162BC63B3300C84A3F /* libssl.a */ = {isa = PBXFileReference; lastKnownFileType = archive.ar; name = libssl.a; path = ../build/universal/lib/libssl.a; sourceTree = "<group>"; };
		86C225192BC63BA800C84A3F /* IJKAppDelegate.h */ = {isa = PBXFileReference; fileEncoding = 4; lastKnownFileType = sourcecode.c.h; path = IJKAppDelegate.h; sourceTree = SOURCE_ROOT; };
		86C2251A2BC63BA800C84A3F /* IJKAppDelegate.m */ = {isa = PBXFileReference; fileEncoding = 4; lastKnownFileType = sourcecode.c.objc; path = IJKAppDelegate.m; sourceTree = SOURCE_ROOT; };
		86C2251C2BC63BC400C84A3F /* libz.tbd */ = {isa = PBXFileReference; lastKnownFileType = "sourcecode.text-based-dylib-definition"; name = libz.tbd; path = usr/lib/libz.tbd; sourceTree = SDKROOT; };
		86C2251E2BC63C1E00C84A3F /* libc++.1.tbd */ = {isa = PBXFileReference; lastKnownFileType = "sourcecode.text-based-dylib-definition"; name = "libc++.1.tbd"; path = "usr/lib/libc++.1.tbd"; sourceTree = SDKROOT; };
		86C2251F2BC63C2500C84A3F /* libc++.tbd */ = {isa = PBXFileReference; lastKnownFileType = "sourcecode.text-based-dylib-definition"; name = "libc++.tbd"; path = "usr/lib/libc++.tbd"; sourceTree = SDKROOT; };
/* End PBXFileReference section */

/* Begin PBXFrameworksBuildPhase section */
		861DDDEE2BC62DF6000F962F /* Frameworks */ = {
			isa = PBXFrameworksBuildPhase;
			buildActionMask = 2147483647;
			files = (
				86C225172BC63B3700C84A3F /* libcrypto.a in Frameworks */,
				86C225202BC63C2D00C84A3F /* libc++.tbd in Frameworks */,
				86C2251D2BC63BCC00C84A3F /* libz.tbd in Frameworks */,
				86C225132BC63B1B00C84A3F /* IJKMediaFramework.framework in Frameworks */,
				86C225182BC63B3700C84A3F /* libssl.a in Frameworks */,
			);
			runOnlyForDeploymentPostprocessing = 0;
		};
/* End PBXFrameworksBuildPhase section */

/* Begin PBXGroup section */
		861DDDE82BC62DF6000F962F = {
			isa = PBXGroup;
			children = (
				861DDDF32BC62DF6000F962F /* IJKMediaDemo */,
				86C225072BC63AFF00C84A3F /* IJKMediaPlayer.xcodeproj */,
				861DDDF22BC62DF6000F962F /* Products */,
				86C225022BC639D900C84A3F /* Frameworks */,
			);
			sourceTree = "<group>";
		};
		861DDDF22BC62DF6000F962F /* Products */ = {
			isa = PBXGroup;
			children = (
				861DDDF12BC62DF6000F962F /* IJKMediaDemo.app */,
			);
			name = Products;
			sourceTree = "<group>";
		};
		861DDDF32BC62DF6000F962F /* IJKMediaDemo */ = {
			isa = PBXGroup;
			children = (
				86C225192BC63BA800C84A3F /* IJKAppDelegate.h */,
				86C2251A2BC63BA800C84A3F /* IJKAppDelegate.m */,
				861DDE132BC6320F000F962F /* View Controllers */,
				861DDE142BC63223000F962F /* Misc */,
				861DDDFD2BC62DF6000F962F /* Main.storyboard */,
				861DDE122BC631B6000F962F /* XCAssets */,
				861DDE022BC62DF7000F962F /* LaunchScreen.storyboard */,
				861DDE052BC62DF7000F962F /* Info.plist */,
				861DDE062BC62DF7000F962F /* main.m */,
			);
			path = IJKMediaDemo;
			sourceTree = "<group>";
		};
		861DDE122BC631B6000F962F /* XCAssets */ = {
			isa = PBXGroup;
			children = (
				861DDE002BC62DF7000F962F /* Assets.xcassets */,
				861DDE0F2BC63189000F962F /* MoviePlayerImages.xcassets */,
			);
			path = XCAssets;
			sourceTree = "<group>";
		};
		861DDE132BC6320F000F962F /* View Controllers */ = {
			isa = PBXGroup;
			children = (
				861DDE182BC6325C000F962F /* IJKDemoInputURLViewController.h */,
				861DDE262BC6325C000F962F /* IJKDemoInputURLViewController.m */,
				861DDE1B2BC6325C000F962F /* IJKDemoInputURLViewController.xib */,
				861DDE202BC6325C000F962F /* IJKDemoLocalFolderViewController.h */,
				861DDE222BC6325C000F962F /* IJKDemoLocalFolderViewController.m */,
				861DDE1A2BC6325C000F962F /* IJKDemoMainViewController.h */,
				861DDE1C2BC6325C000F962F /* IJKDemoMainViewController.m */,
				861DDE192BC6325C000F962F /* IJKDemoSampleViewController.h */,
				861DDE212BC6325C000F962F /* IJKDemoSampleViewController.m */,
				861DDE242BC6325C000F962F /* IJKDemoSampleViewController.xib */,
				861DDE252BC6325C000F962F /* IJKMediaControl.h */,
				861DDE1D2BC6325C000F962F /* IJKMediaControl.m */,
				861DDE2A2BC6325D000F962F /* IJKMoviePlayerViewController.h */,
				861DDE292BC6325D000F962F /* IJKMoviePlayerViewController.m */,
				861DDE232BC6325C000F962F /* IJKMoviePlayerViewController.xib */,
				861DDE1F2BC6325C000F962F /* IJKQRCodeScanViewController.h */,
				861DDE272BC6325D000F962F /* IJKQRCodeScanViewController.m */,
				861DDE1E2BC6325C000F962F /* IJKQRCodeScanViewController.xib */,
			);
			path = "View Controllers";
			sourceTree = "<group>";
		};
		861DDE142BC63223000F962F /* Misc */ = {
			isa = PBXGroup;
			children = (
				861DDE3B2BC6326F000F962F /* Barcode.h */,
				861DDE392BC6326F000F962F /* Barcode.m */,
				861DDE372BC6326F000F962F /* IJKCommon.h */,
				861DDE382BC6326F000F962F /* IJKDemoHistory.h */,
				861DDE3A2BC6326F000F962F /* IJKDemoHistory.m */,
			);
			path = Misc;
			sourceTree = "<group>";
		};
		86C225022BC639D900C84A3F /* Frameworks */ = {
			isa = PBXGroup;
			children = (
				86C2251F2BC63C2500C84A3F /* libc++.tbd */,
				86C2251E2BC63C1E00C84A3F /* libc++.1.tbd */,
				86C2251C2BC63BC400C84A3F /* libz.tbd */,
				86C225152BC63B3300C84A3F /* libcrypto.a */,
				86C225162BC63B3300C84A3F /* libssl.a */,
			);
			name = Frameworks;
			sourceTree = "<group>";
		};
		86C225082BC63AFF00C84A3F /* Products */ = {
			isa = PBXGroup;
			children = (
				86C2250E2BC63AFF00C84A3F /* IJKMediaFramework.framework */,
				86C225102BC63AFF00C84A3F /* IJKMediaFrameworkWithSSL.framework */,
				86C225122BC63AFF00C84A3F /* IJKMediaFrameworkTests.xctest */,
			);
			name = Products;
			sourceTree = "<group>";
		};
/* End PBXGroup section */

/* Begin PBXNativeTarget section */
		861DDDF02BC62DF6000F962F /* IJKMediaDemo */ = {
			isa = PBXNativeTarget;
			buildConfigurationList = 861DDE0A2BC62DF7000F962F /* Build configuration list for PBXNativeTarget "IJKMediaDemo" */;
			buildPhases = (
				861DDDED2BC62DF6000F962F /* Sources */,
				861DDDEE2BC62DF6000F962F /* Frameworks */,
				861DDDEF2BC62DF6000F962F /* Resources */,
				86C225052BC639D900C84A3F /* Embed Frameworks */,
			);
			buildRules = (
			);
			dependencies = (
			);
			name = IJKMediaDemo;
			productName = IJKMediaDemo;
			productReference = 861DDDF12BC62DF6000F962F /* IJKMediaDemo.app */;
			productType = "com.apple.product-type.application";
		};
/* End PBXNativeTarget section */

/* Begin PBXProject section */
		861DDDE92BC62DF6000F962F /* Project object */ = {
			isa = PBXProject;
			attributes = {
				BuildIndependentTargetsInParallel = 1;
				LastUpgradeCheck = 1530;
				TargetAttributes = {
					861DDDF02BC62DF6000F962F = {
						CreatedOnToolsVersion = 15.3;
					};
				};
			};
			buildConfigurationList = 861DDDEC2BC62DF6000F962F /* Build configuration list for PBXProject "IJKMediaDemo" */;
			compatibilityVersion = "Xcode 14.0";
			developmentRegion = en;
			hasScannedForEncodings = 0;
			knownRegions = (
				en,
				Base,
			);
			mainGroup = 861DDDE82BC62DF6000F962F;
			productRefGroup = 861DDDF22BC62DF6000F962F /* Products */;
			projectDirPath = "";
			projectReferences = (
				{
					ProductGroup = 86C225082BC63AFF00C84A3F /* Products */;
					ProjectRef = 86C225072BC63AFF00C84A3F /* IJKMediaPlayer.xcodeproj */;
				},
			);
			projectRoot = "";
			targets = (
				861DDDF02BC62DF6000F962F /* IJKMediaDemo */,
			);
		};
/* End PBXProject section */

/* Begin PBXReferenceProxy section */
		86C2250E2BC63AFF00C84A3F /* IJKMediaFramework.framework */ = {
			isa = PBXReferenceProxy;
			fileType = wrapper.framework;
			path = IJKMediaFramework.framework;
			remoteRef = 86C2250D2BC63AFF00C84A3F /* PBXContainerItemProxy */;
			sourceTree = BUILT_PRODUCTS_DIR;
		};
		86C225102BC63AFF00C84A3F /* IJKMediaFrameworkWithSSL.framework */ = {
			isa = PBXReferenceProxy;
			fileType = wrapper.framework;
			path = IJKMediaFrameworkWithSSL.framework;
			remoteRef = 86C2250F2BC63AFF00C84A3F /* PBXContainerItemProxy */;
			sourceTree = BUILT_PRODUCTS_DIR;
		};
		86C225122BC63AFF00C84A3F /* IJKMediaFrameworkTests.xctest */ = {
			isa = PBXReferenceProxy;
			fileType = wrapper.cfbundle;
			path = IJKMediaFrameworkTests.xctest;
			remoteRef = 86C225112BC63AFF00C84A3F /* PBXContainerItemProxy */;
			sourceTree = BUILT_PRODUCTS_DIR;
		};
/* End PBXReferenceProxy section */

/* Begin PBXResourcesBuildPhase section */
		861DDDEF2BC62DF6000F962F /* Resources */ = {
			isa = PBXResourcesBuildPhase;
			buildActionMask = 2147483647;
			files = (
				861DDE012BC62DF7000F962F /* Assets.xcassets in Resources */,
				861DDE102BC63189000F962F /* MoviePlayerImages.xcassets in Resources */,
				861DDE2E2BC6325D000F962F /* IJKQRCodeScanViewController.xib in Resources */,
				861DDE042BC62DF7000F962F /* Base in Resources */,
				861DDE322BC6325D000F962F /* IJKDemoSampleViewController.xib in Resources */,
				861DDE2B2BC6325D000F962F /* IJKDemoInputURLViewController.xib in Resources */,
				861DDDFF2BC62DF6000F962F /* Base in Resources */,
				861DDE312BC6325D000F962F /* IJKMoviePlayerViewController.xib in Resources */,
			);
			runOnlyForDeploymentPostprocessing = 0;
		};
/* End PBXResourcesBuildPhase section */

/* Begin PBXSourcesBuildPhase section */
		861DDDED2BC62DF6000F962F /* Sources */ = {
			isa = PBXSourcesBuildPhase;
			buildActionMask = 2147483647;
			files = (
				861DDE342BC6325D000F962F /* IJKQRCodeScanViewController.m in Sources */,
				861DDE332BC6325D000F962F /* IJKDemoInputURLViewController.m in Sources */,
				861DDE3C2BC6326F000F962F /* Barcode.m in Sources */,
				861DDE2F2BC6325D000F962F /* IJKDemoSampleViewController.m in Sources */,
				861DDE2C2BC6325D000F962F /* IJKDemoMainViewController.m in Sources */,
				861DDE072BC62DF7000F962F /* main.m in Sources */,
				861DDE302BC6325D000F962F /* IJKDemoLocalFolderViewController.m in Sources */,
				861DDE362BC6325D000F962F /* IJKMoviePlayerViewController.m in Sources */,
				86C2251B2BC63BA900C84A3F /* IJKAppDelegate.m in Sources */,
				861DDE3D2BC6326F000F962F /* IJKDemoHistory.m in Sources */,
				861DDE2D2BC6325D000F962F /* IJKMediaControl.m in Sources */,
			);
			runOnlyForDeploymentPostprocessing = 0;
		};
/* End PBXSourcesBuildPhase section */

/* Begin PBXVariantGroup section */
		861DDDFD2BC62DF6000F962F /* Main.storyboard */ = {
			isa = PBXVariantGroup;
			children = (
				861DDDFE2BC62DF6000F962F /* Base */,
			);
			name = Main.storyboard;
			sourceTree = "<group>";
		};
		861DDE022BC62DF7000F962F /* LaunchScreen.storyboard */ = {
			isa = PBXVariantGroup;
			children = (
				861DDE032BC62DF7000F962F /* Base */,
			);
			name = LaunchScreen.storyboard;
			sourceTree = "<group>";
		};
/* End PBXVariantGroup section */

/* Begin XCBuildConfiguration section */
		861DDE082BC62DF7000F962F /* Debug */ = {
			isa = XCBuildConfiguration;
			buildSettings = {
				ALWAYS_SEARCH_USER_PATHS = NO;
				ASSETCATALOG_COMPILER_GENERATE_SWIFT_ASSET_SYMBOL_EXTENSIONS = YES;
				CLANG_ANALYZER_NONNULL = YES;
				CLANG_ANALYZER_NUMBER_OBJECT_CONVERSION = YES_AGGRESSIVE;
				CLANG_CXX_LANGUAGE_STANDARD = "gnu++20";
				CLANG_ENABLE_MODULES = YES;
				CLANG_ENABLE_OBJC_ARC = YES;
				CLANG_ENABLE_OBJC_WEAK = YES;
				CLANG_WARN_BLOCK_CAPTURE_AUTORELEASING = YES;
				CLANG_WARN_BOOL_CONVERSION = YES;
				CLANG_WARN_COMMA = YES;
				CLANG_WARN_CONSTANT_CONVERSION = YES;
				CLANG_WARN_DEPRECATED_OBJC_IMPLEMENTATIONS = YES;
				CLANG_WARN_DIRECT_OBJC_ISA_USAGE = YES_ERROR;
				CLANG_WARN_DOCUMENTATION_COMMENTS = YES;
				CLANG_WARN_EMPTY_BODY = YES;
				CLANG_WARN_ENUM_CONVERSION = YES;
				CLANG_WARN_INFINITE_RECURSION = YES;
				CLANG_WARN_INT_CONVERSION = YES;
				CLANG_WARN_NON_LITERAL_NULL_CONVERSION = YES;
				CLANG_WARN_OBJC_IMPLICIT_RETAIN_SELF = YES;
				CLANG_WARN_OBJC_LITERAL_CONVERSION = YES;
				CLANG_WARN_OBJC_ROOT_CLASS = YES_ERROR;
				CLANG_WARN_QUOTED_INCLUDE_IN_FRAMEWORK_HEADER = YES;
				CLANG_WARN_RANGE_LOOP_ANALYSIS = YES;
				CLANG_WARN_STRICT_PROTOTYPES = YES;
				CLANG_WARN_SUSPICIOUS_MOVE = YES;
				CLANG_WARN_UNGUARDED_AVAILABILITY = YES_AGGRESSIVE;
				CLANG_WARN_UNREACHABLE_CODE = YES;
				CLANG_WARN__DUPLICATE_METHOD_MATCH = YES;
				COPY_PHASE_STRIP = NO;
				DEBUG_INFORMATION_FORMAT = dwarf;
				ENABLE_STRICT_OBJC_MSGSEND = YES;
				ENABLE_TESTABILITY = YES;
				ENABLE_USER_SCRIPT_SANDBOXING = YES;
				GCC_C_LANGUAGE_STANDARD = gnu17;
				GCC_DYNAMIC_NO_PIC = NO;
				GCC_NO_COMMON_BLOCKS = YES;
				GCC_OPTIMIZATION_LEVEL = 0;
				GCC_PREPROCESSOR_DEFINITIONS = (
					"DEBUG=1",
					"$(inherited)",
				);
				GCC_WARN_64_TO_32_BIT_CONVERSION = YES;
				GCC_WARN_ABOUT_RETURN_TYPE = YES_ERROR;
				GCC_WARN_UNDECLARED_SELECTOR = YES;
				GCC_WARN_UNINITIALIZED_AUTOS = YES_AGGRESSIVE;
				GCC_WARN_UNUSED_FUNCTION = YES;
				GCC_WARN_UNUSED_VARIABLE = YES;
				IPHONEOS_DEPLOYMENT_TARGET = 17.4;
				LOCALIZATION_PREFERS_STRING_CATALOGS = YES;
				MTL_ENABLE_DEBUG_INFO = INCLUDE_SOURCE;
				MTL_FAST_MATH = YES;
				ONLY_ACTIVE_ARCH = YES;
				SDKROOT = iphoneos;
			};
			name = Debug;
		};
		861DDE092BC62DF7000F962F /* Release */ = {
			isa = XCBuildConfiguration;
			buildSettings = {
				ALWAYS_SEARCH_USER_PATHS = NO;
				ASSETCATALOG_COMPILER_GENERATE_SWIFT_ASSET_SYMBOL_EXTENSIONS = YES;
				CLANG_ANALYZER_NONNULL = YES;
				CLANG_ANALYZER_NUMBER_OBJECT_CONVERSION = YES_AGGRESSIVE;
				CLANG_CXX_LANGUAGE_STANDARD = "gnu++20";
				CLANG_ENABLE_MODULES = YES;
				CLANG_ENABLE_OBJC_ARC = YES;
				CLANG_ENABLE_OBJC_WEAK = YES;
				CLANG_WARN_BLOCK_CAPTURE_AUTORELEASING = YES;
				CLANG_WARN_BOOL_CONVERSION = YES;
				CLANG_WARN_COMMA = YES;
				CLANG_WARN_CONSTANT_CONVERSION = YES;
				CLANG_WARN_DEPRECATED_OBJC_IMPLEMENTATIONS = YES;
				CLANG_WARN_DIRECT_OBJC_ISA_USAGE = YES_ERROR;
				CLANG_WARN_DOCUMENTATION_COMMENTS = YES;
				CLANG_WARN_EMPTY_BODY = YES;
				CLANG_WARN_ENUM_CONVERSION = YES;
				CLANG_WARN_INFINITE_RECURSION = YES;
				CLANG_WARN_INT_CONVERSION = YES;
				CLANG_WARN_NON_LITERAL_NULL_CONVERSION = YES;
				CLANG_WARN_OBJC_IMPLICIT_RETAIN_SELF = YES;
				CLANG_WARN_OBJC_LITERAL_CONVERSION = YES;
				CLANG_WARN_OBJC_ROOT_CLASS = YES_ERROR;
				CLANG_WARN_QUOTED_INCLUDE_IN_FRAMEWORK_HEADER = YES;
				CLANG_WARN_RANGE_LOOP_ANALYSIS = YES;
				CLANG_WARN_STRICT_PROTOTYPES = YES;
				CLANG_WARN_SUSPICIOUS_MOVE = YES;
				CLANG_WARN_UNGUARDED_AVAILABILITY = YES_AGGRESSIVE;
				CLANG_WARN_UNREACHABLE_CODE = YES;
				CLANG_WARN__DUPLICATE_METHOD_MATCH = YES;
				COPY_PHASE_STRIP = NO;
				DEBUG_INFORMATION_FORMAT = "dwarf-with-dsym";
				ENABLE_NS_ASSERTIONS = NO;
				ENABLE_STRICT_OBJC_MSGSEND = YES;
				ENABLE_USER_SCRIPT_SANDBOXING = YES;
				GCC_C_LANGUAGE_STANDARD = gnu17;
				GCC_NO_COMMON_BLOCKS = YES;
				GCC_WARN_64_TO_32_BIT_CONVERSION = YES;
				GCC_WARN_ABOUT_RETURN_TYPE = YES_ERROR;
				GCC_WARN_UNDECLARED_SELECTOR = YES;
				GCC_WARN_UNINITIALIZED_AUTOS = YES_AGGRESSIVE;
				GCC_WARN_UNUSED_FUNCTION = YES;
				GCC_WARN_UNUSED_VARIABLE = YES;
				IPHONEOS_DEPLOYMENT_TARGET = 17.4;
				LOCALIZATION_PREFERS_STRING_CATALOGS = YES;
				MTL_ENABLE_DEBUG_INFO = NO;
				MTL_FAST_MATH = YES;
				SDKROOT = iphoneos;
				VALIDATE_PRODUCT = YES;
			};
			name = Release;
		};
		861DDE0B2BC62DF7000F962F /* Debug */ = {
			isa = XCBuildConfiguration;
			buildSettings = {
				ASSETCATALOG_COMPILER_APPICON_NAME = AppIcon;
				ASSETCATALOG_COMPILER_GLOBAL_ACCENT_COLOR_NAME = AccentColor;
				CODE_SIGN_STYLE = Automatic;
				CURRENT_PROJECT_VERSION = 1;
				DEVELOPMENT_TEAM = X76N6QQX9B;
				GENERATE_INFOPLIST_FILE = YES;
				INFOPLIST_FILE = IJKMediaDemo/Info.plist;
				INFOPLIST_KEY_UIApplicationSupportsIndirectInputEvents = YES;
				INFOPLIST_KEY_UILaunchStoryboardName = LaunchScreen;
				INFOPLIST_KEY_UIMainStoryboardFile = Main;
				INFOPLIST_KEY_UISupportedInterfaceOrientations_iPad = "UIInterfaceOrientationPortrait UIInterfaceOrientationPortraitUpsideDown UIInterfaceOrientationLandscapeLeft UIInterfaceOrientationLandscapeRight";
				INFOPLIST_KEY_UISupportedInterfaceOrientations_iPhone = "UIInterfaceOrientationPortrait UIInterfaceOrientationLandscapeLeft UIInterfaceOrientationLandscapeRight";
				IPHONEOS_DEPLOYMENT_TARGET = 12.0;
				LD_RUNPATH_SEARCH_PATHS = (
					"$(inherited)",
					"@executable_path/Frameworks",
				);
				LIBRARY_SEARCH_PATHS = "$(SRCROOT)/../build/universal/lib";
				MARKETING_VERSION = 1.0;
				PRODUCT_BUNDLE_IDENTIFIER = com.axzt.IJKMediaDemo;
				PRODUCT_NAME = "$(TARGET_NAME)";
				SWIFT_EMIT_LOC_STRINGS = YES;
				TARGETED_DEVICE_FAMILY = "1,2";
			};
			name = Debug;
		};
		861DDE0C2BC62DF7000F962F /* Release */ = {
			isa = XCBuildConfiguration;
			buildSettings = {
				ASSETCATALOG_COMPILER_APPICON_NAME = AppIcon;
				ASSETCATALOG_COMPILER_GLOBAL_ACCENT_COLOR_NAME = AccentColor;
				CODE_SIGN_STYLE = Automatic;
				CURRENT_PROJECT_VERSION = 1;
				DEVELOPMENT_TEAM = X76N6QQX9B;
				GENERATE_INFOPLIST_FILE = YES;
				INFOPLIST_FILE = IJKMediaDemo/Info.plist;
				INFOPLIST_KEY_UIApplicationSupportsIndirectInputEvents = YES;
				INFOPLIST_KEY_UILaunchStoryboardName = LaunchScreen;
				INFOPLIST_KEY_UIMainStoryboardFile = Main;
				INFOPLIST_KEY_UISupportedInterfaceOrientations_iPad = "UIInterfaceOrientationPortrait UIInterfaceOrientationPortraitUpsideDown UIInterfaceOrientationLandscapeLeft UIInterfaceOrientationLandscapeRight";
				INFOPLIST_KEY_UISupportedInterfaceOrientations_iPhone = "UIInterfaceOrientationPortrait UIInterfaceOrientationLandscapeLeft UIInterfaceOrientationLandscapeRight";
				IPHONEOS_DEPLOYMENT_TARGET = 12.0;
				LD_RUNPATH_SEARCH_PATHS = (
					"$(inherited)",
					"@executable_path/Frameworks",
				);
				LIBRARY_SEARCH_PATHS = "$(SRCROOT)/../build/universal/lib";
				MARKETING_VERSION = 1.0;
				PRODUCT_BUNDLE_IDENTIFIER = com.axzt.IJKMediaDemo;
				PRODUCT_NAME = "$(TARGET_NAME)";
				SWIFT_EMIT_LOC_STRINGS = YES;
				TARGETED_DEVICE_FAMILY = "1,2";
			};
			name = Release;
		};
/* End XCBuildConfiguration section */

/* Begin XCConfigurationList section */
		861DDDEC2BC62DF6000F962F /* Build configuration list for PBXProject "IJKMediaDemo" */ = {
			isa = XCConfigurationList;
			buildConfigurations = (
				861DDE082BC62DF7000F962F /* Debug */,
				861DDE092BC62DF7000F962F /* Release */,
			);
			defaultConfigurationIsVisible = 0;
			defaultConfigurationName = Release;
		};
		861DDE0A2BC62DF7000F962F /* Build configuration list for PBXNativeTarget "IJKMediaDemo" */ = {
			isa = XCConfigurationList;
			buildConfigurations = (
				861DDE0B2BC62DF7000F962F /* Debug */,
				861DDE0C2BC62DF7000F962F /* Release */,
			);
			defaultConfigurationIsVisible = 0;
			defaultConfigurationName = Release;
		};
/* End XCConfigurationList section */
	};
	rootObject = 861DDDE92BC62DF6000F962F /* Project object */;
}
